
Microsoft Visual Studio Solution File, Format Version 12.00
# Visual Studio Version 16
VisualStudioVersion = 16.0.31424.327
MinimumVisualStudioVersion = 10.0.40219.1
Project("{FAE04EC0-301F-11D3-BF4B-00C04F79EFBC}") = "count App", "count App\count App.csproj", "{D7DF01C6-47B5-4AF2-93D3-210666F6226F}"
EndProject
Global
	GlobalSection(SolutionConfigurationPlatforms) = preSolution
		Debug|Any CPU = Debug|Any CPU
		Release|Any CPU = Release|Any CPU
	EndGlobalSection
	GlobalSection(ProjectConfigurationPlatforms) = postSolution
		{D7DF01C6-47B5-4AF2-93D3-210666F6226F}.Debug|Any CPU.ActiveCfg = Debug|Any CPU
		{D7DF01C6-47B5-4AF2-93D3-210666F6226F}.Debug|Any CPU.Build.0 = Debug|Any CPU
		{D7DF01C6-47B5-4AF2-93D3-210666F6226F}.Release|Any CPU.ActiveCfg = Release|Any CPU
		{D7DF01C6-47B5-4AF2-93D3-210666F6226F}.Release|Any CPU.Build.0 = Release|Any CPU
	EndGlobalSection
	GlobalSection(SolutionProperties) = preSolution
		HideSolutionNode = FALSE
	EndGlobalSection
	GlobalSection(ExtensibilityGlobals) = postSolution
		SolutionGuid = {1AE0D0A6-B233-4926-84ED-A4F397E797D0}
	EndGlobalSection
EndGlobal
